
Microsoft Visual Studio Solution File, Format Version 11.00
# Visual Studio 2010
Project("{FAE04EC0-301F-11D3-BF4B-00C04F79EFBC}") = "Example currency Converter", "example currency\Example currency Converter.csproj", "{79D7544C-7775-42B4-9A83-A037064FF8D1}"
EndProject
Global
	GlobalSection(SolutionConfigurationPlatforms) = preSolution
		Debug|Any CPU = Debug|Any CPU
		Release|Any CPU = Release|Any CPU
	EndGlobalSection
	GlobalSection(ProjectConfigurationPlatforms) = postSolution
		{79D7544C-7775-42B4-9A83-A037064FF8D1}.Debug|Any CPU.ActiveCfg = Debug|Any CPU
		{79D7544C-7775-42B4-9A83-A037064FF8D1}.Debug|Any CPU.Build.0 = Debug|Any CPU
		{79D7544C-7775-42B4-9A83-A037064FF8D1}.Release|Any CPU.ActiveCfg = Release|Any CPU
		{79D7544C-7775-42B4-9A83-A037064FF8D1}.Release|Any CPU.Build.0 = Release|Any CPU
	EndGlobalSection
	GlobalSection(SolutionProperties) = preSolution
		HideSolutionNode = FALSE
	EndGlobalSection
EndGlobal
